{
  "name": "apex-erp-enterprise",
  "version": "1.0.0",
  "lockfileVersion": 3,
  "requires": true,
  "packages": {
    "": {
      "name": "apex-erp-enterprise",
      "version": "1.0.0",
      "main": "index.js",
      "dependencies": {
        "lucide-react": "^0.344.0",
        "react": "^18.2.0",
        "react-dom": "^18.2.0"
      },
      "devDependencies": {
        "@types/react": "^18.2.66",
        "@types/react-dom": "^18.2.22",
        "@vitejs/plugin-react": "^4.2.1",
        "vite": "^5.2.0",
        "vitest": "^1.4.0"
      }
    }
  }
}
